
Microsoft Visual Studio Solution File, Format Version 12.00
# Visual Studio Version 16
VisualStudioVersion = 16.0.30804.86
MinimumVisualStudioVersion = 10.0.40219.1
Project("{FAE04EC0-301F-11D3-BF4B-00C04F79EFBC}") = "Hokemon_U", "Hokemon_U\Hokemon_U.csproj", "{7B58A942-AB5B-4103-BD4F-AF4FB5912F70}"
EndProject
Global
	GlobalSection(SolutionConfigurationPlatforms) = preSolution
		Debug|Any CPU = Debug|Any CPU
		Release|Any CPU = Release|Any CPU
	EndGlobalSection
	GlobalSection(ProjectConfigurationPlatforms) = postSolution
		{7B58A942-AB5B-4103-BD4F-AF4FB5912F70}.Debug|Any CPU.ActiveCfg = Debug|Any CPU
		{7B58A942-AB5B-4103-BD4F-AF4FB5912F70}.Debug|Any CPU.Build.0 = Debug|Any CPU
		{7B58A942-AB5B-4103-BD4F-AF4FB5912F70}.Release|Any CPU.ActiveCfg = Release|Any CPU
		{7B58A942-AB5B-4103-BD4F-AF4FB5912F70}.Release|Any CPU.Build.0 = Release|Any CPU
	EndGlobalSection
	GlobalSection(SolutionProperties) = preSolution
		HideSolutionNode = FALSE
	EndGlobalSection
	GlobalSection(ExtensibilityGlobals) = postSolution
		SolutionGuid = {3D77DD03-2644-437F-8B47-04505D26D355}
	EndGlobalSection
EndGlobal
